
Microsoft Visual Studio Solution File, Format Version 12.00
# Visual Studio Version 17
VisualStudioVersion = 17.12.35527.113 d17.12
MinimumVisualStudioVersion = 10.0.40219.1
Project("{FAE04EC0-301F-11D3-BF4B-00C04F79EFBC}") = "Demo", "Demo\Demo.csproj", "{06F033B8-650B-40E3-B7B9-F938B1C083CC}"
EndProject
Global
	GlobalSection(SolutionConfigurationPlatforms) = preSolution
		Debug|Any CPU = Debug|Any CPU
		Release|Any CPU = Release|Any CPU
	EndGlobalSection
	GlobalSection(ProjectConfigurationPlatforms) = postSolution
		{06F033B8-650B-40E3-B7B9-F938B1C083CC}.Debug|Any CPU.ActiveCfg = Debug|Any CPU
		{06F033B8-650B-40E3-B7B9-F938B1C083CC}.Debug|Any CPU.Build.0 = Debug|Any CPU
		{06F033B8-650B-40E3-B7B9-F938B1C083CC}.Release|Any CPU.ActiveCfg = Release|Any CPU
		{06F033B8-650B-40E3-B7B9-F938B1C083CC}.Release|Any CPU.Build.0 = Release|Any CPU
	EndGlobalSection
	GlobalSection(SolutionProperties) = preSolution
		HideSolutionNode = FALSE
	EndGlobalSection
EndGlobal
